{
  "nodes": {
    "biscuits-master": {
      "inputs": {
        "flakeNimbleLib": [
          "flakeNimbleLib"
        ],
        "nixpkgs": [
          "nixpkgs"
        ],
        "src-biscuits-master": "src-biscuits-master"
      },
      "locked": {
        "dir": "master",
        "lastModified": 1667322171,
        "narHash": "sha256-qDykHhBstpU3EBbqk8JzgDnB6TPMy4GDh8XAsaxWxMY=",
        "owner": "nim-nix-pkgs",
        "repo": "biscuits",
        "rev": "072549fb92a70ffc499f9e8767f09eb4df472218",
        "type": "github"
      },
      "original": {
        "dir": "master",
        "owner": "nim-nix-pkgs",
        "ref": "master",
        "repo": "biscuits",
        "type": "github"
      }
    },
    "flakeNimbleLib": {
      "inputs": {
        "nixpkgs": [
          "nixpkgs"
        ]
      },
      "locked": {
        "lastModified": 1662018438,
        "narHash": "sha256-QtNtU6+LX3Wokxf0zlFwKTFOcn6TeDjKQZ+DA9OYtvM=",
        "owner": "riinr",
        "repo": "nim-flakes-lib",
        "rev": "b1fe8340736e3a85d25c709ac3dfd82a55c03cbf",
        "type": "github"
      },
      "original": {
        "owner": "riinr",
        "ref": "master",
        "repo": "nim-flakes-lib",
        "type": "github"
      }
    },
    "nixpkgs": {
      "locked": {
        "lastModified": 1667199707,
        "narHash": "sha256-I2Js3Y7gUyVSEXPULHlBoRek4Lh85vnevdS6mdvDNLI=",
        "owner": "NixOS",
        "repo": "nixpkgs",
        "rev": "ced197be72099edcfa68ebed8b87af7b04851f45",
        "type": "github"
      },
      "original": {
        "id": "nixpkgs",
        "type": "indirect"
      }
    },
    "root": {
      "inputs": {
        "biscuits-master": "biscuits-master",
        "flakeNimbleLib": "flakeNimbleLib",
        "nixpkgs": "nixpkgs"
      }
    },
    "src-biscuits-master": {
      "flake": false,
      "locked": {
        "lastModified": 1535669090,
        "narHash": "sha256-wU8iKbrxLm/P5p+FiSDbn1PbAPzxPA+yoApQQMkL6/U=",
        "owner": "achesak",
        "repo": "nim-biscuits",
        "rev": "8f337e1d0233e0e0c88fe8e88edea74275fca994",
        "type": "github"
      },
      "original": {
        "owner": "achesak",
        "ref": "refs/heads/master",
        "repo": "nim-biscuits",
        "type": "github"
      }
    }
  },
  "root": "root",
  "version": 7
}
